
Microsoft Visual Studio Solution File, Format Version 12.00
# Visual Studio Version 17
VisualStudioVersion = 17.2.32616.157
MinimumVisualStudioVersion = 10.0.40219.1
Project("{9A19103F-16F7-4668-BE54-9A1E7A4F7556}") = "DotNetCore60WebAppMvc", "DotNetCore60WebAppMvc.csproj", "{E687FFBC-5D32-490B-8112-55171DAB6F81}"
EndProject
Global
	GlobalSection(SolutionConfigurationPlatforms) = preSolution
		Debug|Any CPU = Debug|Any CPU
		Release|Any CPU = Release|Any CPU
	EndGlobalSection
	GlobalSection(ProjectConfigurationPlatforms) = postSolution
		{E687FFBC-5D32-490B-8112-55171DAB6F81}.Debug|Any CPU.ActiveCfg = Debug|Any CPU
		{E687FFBC-5D32-490B-8112-55171DAB6F81}.Debug|Any CPU.Build.0 = Debug|Any CPU
		{E687FFBC-5D32-490B-8112-55171DAB6F81}.Release|Any CPU.ActiveCfg = Release|Any CPU
		{E687FFBC-5D32-490B-8112-55171DAB6F81}.Release|Any CPU.Build.0 = Release|Any CPU
	EndGlobalSection
	GlobalSection(SolutionProperties) = preSolution
		HideSolutionNode = FALSE
	EndGlobalSection
	GlobalSection(ExtensibilityGlobals) = postSolution
		SolutionGuid = {6A4E7D51-EE0E-4E53-BEE2-C4B7D341C00F}
	EndGlobalSection
EndGlobal
